// !$*UTF8*$!
{
	archiveVersion = 1;
	classes = {
	};
	objectVersion = 56;
	objects = {

/* Begin PBXBuildFile section */
		813B68B92B99E14E000F3FE5 /* TradingAppTests.swift in Sources */ = {isa = PBXBuildFile; fileRef = 813B68B82B99E14E000F3FE5 /* TradingAppTests.swift */; };
		813B68C32B99E14E000F3FE5 /* TradingAppUITests.swift in Sources */ = {isa = PBXBuildFile; fileRef = 813B68C22B99E14E000F3FE5 /* TradingAppUITests.swift */; };
		813B68C52B99E14E000F3FE5 /* TradingAppUITestsLaunchTests.swift in Sources */ = {isa = PBXBuildFile; fileRef = 813B68C42B99E14E000F3FE5 /* TradingAppUITestsLaunchTests.swift */; };
		813B68DD2B99ED8F000F3FE5 /* TradingAppApp.swift in Sources */ = {isa = PBXBuildFile; fileRef = 813B68D82B99ED8F000F3FE5 /* TradingAppApp.swift */; };
		813B68DE2B99ED8F000F3FE5 /* BookListView.swift in Sources */ = {isa = PBXBuildFile; fileRef = 813B68DC2B99ED8F000F3FE5 /* BookListView.swift */; };
		813B68E12B99EE64000F3FE5 /* Preview Assets.xcassets in Resources */ = {isa = PBXBuildFile; fileRef = 813B68E02B99EE64000F3FE5 /* Preview Assets.xcassets */; };
		813B68E32B99EEAF000F3FE5 /* Assets.xcassets in Resources */ = {isa = PBXBuildFile; fileRef = 813B68E22B99EEAF000F3FE5 /* Assets.xcassets */; };
		813B68E62B99EF7A000F3FE5 /* BookListViewModel.swift in Sources */ = {isa = PBXBuildFile; fileRef = 813B68E52B99EF7A000F3FE5 /* BookListViewModel.swift */; };
		813B68EA2B9A55E7000F3FE5 /* APIError.swift in Sources */ = {isa = PBXBuildFile; fileRef = 813B68E92B9A55E7000F3FE5 /* APIError.swift */; };
		813B68EE2B9A5996000F3FE5 /* BitsoAPIURL.swift in Sources */ = {isa = PBXBuildFile; fileRef = 813B68ED2B9A5996000F3FE5 /* BitsoAPIURL.swift */; };
		813B68F02B9BAC18000F3FE5 /* Endpoint.swift in Sources */ = {isa = PBXBuildFile; fileRef = 813B68EF2B9BAC18000F3FE5 /* Endpoint.swift */; };
		813B68F22B9BAC41000F3FE5 /* BaseURL.swift in Sources */ = {isa = PBXBuildFile; fileRef = 813B68F12B9BAC41000F3FE5 /* BaseURL.swift */; };
		813B68F42B9BDE66000F3FE5 /* Endpoint+Extensions.swift in Sources */ = {isa = PBXBuildFile; fileRef = 813B68F32B9BDE66000F3FE5 /* Endpoint+Extensions.swift */; };
		813B68F72B9BE8BD000F3FE5 /* BookList.swift in Sources */ = {isa = PBXBuildFile; fileRef = 813B68F62B9BE8BD000F3FE5 /* BookList.swift */; };
		813B68FA2B9BE938000F3FE5 /* Book.swift in Sources */ = {isa = PBXBuildFile; fileRef = 813B68F92B9BE938000F3FE5 /* Book.swift */; };
		813B68FC2B9BEA5F000F3FE5 /* BookAPIError.swift in Sources */ = {isa = PBXBuildFile; fileRef = 813B68FB2B9BEA5F000F3FE5 /* BookAPIError.swift */; };
		813B68FF2B9BEC3E000F3FE5 /* BookListService.swift in Sources */ = {isa = PBXBuildFile; fileRef = 813B68FE2B9BEC3E000F3FE5 /* BookListService.swift */; };
		813B69012B9BEC6C000F3FE5 /* BookListEndpoint.swift in Sources */ = {isa = PBXBuildFile; fileRef = 813B69002B9BEC6C000F3FE5 /* BookListEndpoint.swift */; };
		813B69062B9BFB81000F3FE5 /* JsonCoder.swift in Sources */ = {isa = PBXBuildFile; fileRef = 813B69052B9BFB81000F3FE5 /* JsonCoder.swift */; };
		813B69092B9C053C000F3FE5 /* EndpointGetRequest.swift in Sources */ = {isa = PBXBuildFile; fileRef = 813B69082B9C053C000F3FE5 /* EndpointGetRequest.swift */; };
		813B690B2B9C11AC000F3FE5 /* Decoder.swift in Sources */ = {isa = PBXBuildFile; fileRef = 813B690A2B9C11AC000F3FE5 /* Decoder.swift */; };
/* End PBXBuildFile section */

/* Begin PBXContainerItemProxy section */
		813B68B52B99E14E000F3FE5 /* PBXContainerItemProxy */ = {
			isa = PBXContainerItemProxy;
			containerPortal = 813B689C2B99E14D000F3FE5 /* Project object */;
			proxyType = 1;
			remoteGlobalIDString = 813B68A32B99E14D000F3FE5;
			remoteInfo = TradingApp;
		};
		813B68BF2B99E14E000F3FE5 /* PBXContainerItemProxy */ = {
			isa = PBXContainerItemProxy;
			containerPortal = 813B689C2B99E14D000F3FE5 /* Project object */;
			proxyType = 1;
			remoteGlobalIDString = 813B68A32B99E14D000F3FE5;
			remoteInfo = TradingApp;
		};
/* End PBXContainerItemProxy section */

/* Begin PBXFileReference section */
		813B68A42B99E14D000F3FE5 /* TradingApp.app */ = {isa = PBXFileReference; explicitFileType = wrapper.application; includeInIndex = 0; path = TradingApp.app; sourceTree = BUILT_PRODUCTS_DIR; };
		813B68B42B99E14E000F3FE5 /* TradingAppTests.xctest */ = {isa = PBXFileReference; explicitFileType = wrapper.cfbundle; includeInIndex = 0; path = TradingAppTests.xctest; sourceTree = BUILT_PRODUCTS_DIR; };
		813B68B82B99E14E000F3FE5 /* TradingAppTests.swift */ = {isa = PBXFileReference; lastKnownFileType = sourcecode.swift; path = TradingAppTests.swift; sourceTree = "<group>"; };
		813B68BE2B99E14E000F3FE5 /* TradingAppUITests.xctest */ = {isa = PBXFileReference; explicitFileType = wrapper.cfbundle; includeInIndex = 0; path = TradingAppUITests.xctest; sourceTree = BUILT_PRODUCTS_DIR; };
		813B68C22B99E14E000F3FE5 /* TradingAppUITests.swift */ = {isa = PBXFileReference; lastKnownFileType = sourcecode.swift; path = TradingAppUITests.swift; sourceTree = "<group>"; };
		813B68C42B99E14E000F3FE5 /* TradingAppUITestsLaunchTests.swift */ = {isa = PBXFileReference; lastKnownFileType = sourcecode.swift; path = TradingAppUITestsLaunchTests.swift; sourceTree = "<group>"; };
		813B68D82B99ED8F000F3FE5 /* TradingAppApp.swift */ = {isa = PBXFileReference; fileEncoding = 4; lastKnownFileType = sourcecode.swift; path = TradingAppApp.swift; sourceTree = "<group>"; };
		813B68DC2B99ED8F000F3FE5 /* BookListView.swift */ = {isa = PBXFileReference; fileEncoding = 4; lastKnownFileType = sourcecode.swift; path = BookListView.swift; sourceTree = "<group>"; };
		813B68E02B99EE64000F3FE5 /* Preview Assets.xcassets */ = {isa = PBXFileReference; lastKnownFileType = folder.assetcatalog; path = "Preview Assets.xcassets"; sourceTree = "<group>"; };
		813B68E22B99EEAF000F3FE5 /* Assets.xcassets */ = {isa = PBXFileReference; lastKnownFileType = folder.assetcatalog; path = Assets.xcassets; sourceTree = "<group>"; };
		813B68E52B99EF7A000F3FE5 /* BookListViewModel.swift */ = {isa = PBXFileReference; lastKnownFileType = sourcecode.swift; path = BookListViewModel.swift; sourceTree = "<group>"; };
		813B68E92B9A55E7000F3FE5 /* APIError.swift */ = {isa = PBXFileReference; lastKnownFileType = sourcecode.swift; path = APIError.swift; sourceTree = "<group>"; };
		813B68ED2B9A5996000F3FE5 /* BitsoAPIURL.swift */ = {isa = PBXFileReference; lastKnownFileType = sourcecode.swift; path = BitsoAPIURL.swift; sourceTree = "<group>"; };
		813B68EF2B9BAC18000F3FE5 /* Endpoint.swift */ = {isa = PBXFileReference; lastKnownFileType = sourcecode.swift; path = Endpoint.swift; sourceTree = "<group>"; };
		813B68F12B9BAC41000F3FE5 /* BaseURL.swift */ = {isa = PBXFileReference; lastKnownFileType = sourcecode.swift; path = BaseURL.swift; sourceTree = "<group>"; };
		813B68F32B9BDE66000F3FE5 /* Endpoint+Extensions.swift */ = {isa = PBXFileReference; lastKnownFileType = sourcecode.swift; path = "Endpoint+Extensions.swift"; sourceTree = "<group>"; };
		813B68F62B9BE8BD000F3FE5 /* BookList.swift */ = {isa = PBXFileReference; lastKnownFileType = sourcecode.swift; path = BookList.swift; sourceTree = "<group>"; };
		813B68F92B9BE938000F3FE5 /* Book.swift */ = {isa = PBXFileReference; lastKnownFileType = sourcecode.swift; path = Book.swift; sourceTree = "<group>"; };
		813B68FB2B9BEA5F000F3FE5 /* BookAPIError.swift */ = {isa = PBXFileReference; lastKnownFileType = sourcecode.swift; path = BookAPIError.swift; sourceTree = "<group>"; };
		813B68FE2B9BEC3E000F3FE5 /* BookListService.swift */ = {isa = PBXFileReference; lastKnownFileType = sourcecode.swift; path = BookListService.swift; sourceTree = "<group>"; };
		813B69002B9BEC6C000F3FE5 /* BookListEndpoint.swift */ = {isa = PBXFileReference; lastKnownFileType = sourcecode.swift; path = BookListEndpoint.swift; sourceTree = "<group>"; };
		813B69052B9BFB81000F3FE5 /* JsonCoder.swift */ = {isa = PBXFileReference; lastKnownFileType = sourcecode.swift; path = JsonCoder.swift; sourceTree = "<group>"; };
		813B69082B9C053C000F3FE5 /* EndpointGetRequest.swift */ = {isa = PBXFileReference; lastKnownFileType = sourcecode.swift; path = EndpointGetRequest.swift; sourceTree = "<group>"; };
		813B690A2B9C11AC000F3FE5 /* Decoder.swift */ = {isa = PBXFileReference; lastKnownFileType = sourcecode.swift; path = Decoder.swift; sourceTree = "<group>"; };
/* End PBXFileReference section */

/* Begin PBXFrameworksBuildPhase section */
		813B68A12B99E14D000F3FE5 /* Frameworks */ = {
			isa = PBXFrameworksBuildPhase;
			buildActionMask = 2147483647;
			files = (
			);
			runOnlyForDeploymentPostprocessing = 0;
		};
		813B68B12B99E14E000F3FE5 /* Frameworks */ = {
			isa = PBXFrameworksBuildPhase;
			buildActionMask = 2147483647;
			files = (
			);
			runOnlyForDeploymentPostprocessing = 0;
		};
		813B68BB2B99E14E000F3FE5 /* Frameworks */ = {
			isa = PBXFrameworksBuildPhase;
			buildActionMask = 2147483647;
			files = (
			);
			runOnlyForDeploymentPostprocessing = 0;
		};
/* End PBXFrameworksBuildPhase section */

/* Begin PBXGroup section */
		813B689B2B99E14D000F3FE5 = {
			isa = PBXGroup;
			children = (
				813B68D62B99ED8F000F3FE5 /* TradingApp */,
				813B68E22B99EEAF000F3FE5 /* Assets.xcassets */,
				813B68B72B99E14E000F3FE5 /* TradingAppTests */,
				813B68C12B99E14E000F3FE5 /* TradingAppUITests */,
				813B68A52B99E14D000F3FE5 /* Products */,
			);
			sourceTree = "<group>";
		};
		813B68A52B99E14D000F3FE5 /* Products */ = {
			isa = PBXGroup;
			children = (
				813B68A42B99E14D000F3FE5 /* TradingApp.app */,
				813B68B42B99E14E000F3FE5 /* TradingAppTests.xctest */,
				813B68BE2B99E14E000F3FE5 /* TradingAppUITests.xctest */,
			);
			name = Products;
			sourceTree = "<group>";
		};
		813B68B72B99E14E000F3FE5 /* TradingAppTests */ = {
			isa = PBXGroup;
			children = (
				813B68B82B99E14E000F3FE5 /* TradingAppTests.swift */,
			);
			path = TradingAppTests;
			sourceTree = "<group>";
		};
		813B68C12B99E14E000F3FE5 /* TradingAppUITests */ = {
			isa = PBXGroup;
			children = (
				813B68C22B99E14E000F3FE5 /* TradingAppUITests.swift */,
				813B68C42B99E14E000F3FE5 /* TradingAppUITestsLaunchTests.swift */,
			);
			path = TradingAppUITests;
			sourceTree = "<group>";
		};
		813B68D62B99ED8F000F3FE5 /* TradingApp */ = {
			isa = PBXGroup;
			children = (
				813B68E82B9A5578000F3FE5 /* Networking */,
				813B68E72B99EFCA000F3FE5 /* Features */,
				813B68D72B99ED8F000F3FE5 /* App */,
				813B68DF2B99EE64000F3FE5 /* Preview Content */,
			);
			path = TradingApp;
			sourceTree = "<group>";
		};
		813B68D72B99ED8F000F3FE5 /* App */ = {
			isa = PBXGroup;
			children = (
				813B68D82B99ED8F000F3FE5 /* TradingAppApp.swift */,
			);
			path = App;
			sourceTree = "<group>";
		};
		813B68DA2B99ED8F000F3FE5 /* BookList */ = {
			isa = PBXGroup;
			children = (
				813B68FD2B9BEC2E000F3FE5 /* Service */,
				813B68F82B9BE8C9000F3FE5 /* Models */,
				813B68E42B99EF5E000F3FE5 /* ViewModel */,
				813B68DB2B99ED8F000F3FE5 /* Views */,
			);
			path = BookList;
			sourceTree = "<group>";
		};
		813B68DB2B99ED8F000F3FE5 /* Views */ = {
			isa = PBXGroup;
			children = (
				813B68DC2B99ED8F000F3FE5 /* BookListView.swift */,
			);
			path = Views;
			sourceTree = "<group>";
		};
		813B68DF2B99EE64000F3FE5 /* Preview Content */ = {
			isa = PBXGroup;
			children = (
				813B68E02B99EE64000F3FE5 /* Preview Assets.xcassets */,
			);
			path = "Preview Content";
			sourceTree = "<group>";
		};
		813B68E42B99EF5E000F3FE5 /* ViewModel */ = {
			isa = PBXGroup;
			children = (
				813B68E52B99EF7A000F3FE5 /* BookListViewModel.swift */,
			);
			path = ViewModel;
			sourceTree = "<group>";
		};
		813B68E72B99EFCA000F3FE5 /* Features */ = {
			isa = PBXGroup;
			children = (
				813B68DA2B99ED8F000F3FE5 /* BookList */,
			);
			path = Features;
			sourceTree = "<group>";
		};
		813B68E82B9A5578000F3FE5 /* Networking */ = {
			isa = PBXGroup;
			children = (
				813B69072B9C04FD000F3FE5 /* ServiceRequests */,
				813B69042B9BFAD8000F3FE5 /* Extensions */,
				813B68EC2B9A5681000F3FE5 /* Common */,
				813B68EB2B9A55EB000F3FE5 /* BitsoAPI */,
			);
			path = Networking;
			sourceTree = "<group>";
		};
		813B68EB2B9A55EB000F3FE5 /* BitsoAPI */ = {
			isa = PBXGroup;
			children = (
				813B68ED2B9A5996000F3FE5 /* BitsoAPIURL.swift */,
			);
			path = BitsoAPI;
			sourceTree = "<group>";
		};
		813B68EC2B9A5681000F3FE5 /* Common */ = {
			isa = PBXGroup;
			children = (
				813B68E92B9A55E7000F3FE5 /* APIError.swift */,
				813B68F12B9BAC41000F3FE5 /* BaseURL.swift */,
				813B68EF2B9BAC18000F3FE5 /* Endpoint.swift */,
				813B69052B9BFB81000F3FE5 /* JsonCoder.swift */,
				813B690A2B9C11AC000F3FE5 /* Decoder.swift */,
			);
			path = Common;
			sourceTree = "<group>";
		};
		813B68F82B9BE8C9000F3FE5 /* Models */ = {
			isa = PBXGroup;
			children = (
				813B68F62B9BE8BD000F3FE5 /* BookList.swift */,
				813B68F92B9BE938000F3FE5 /* Book.swift */,
				813B68FB2B9BEA5F000F3FE5 /* BookAPIError.swift */,
			);
			path = Models;
			sourceTree = "<group>";
		};
		813B68FD2B9BEC2E000F3FE5 /* Service */ = {
			isa = PBXGroup;
			children = (
				813B68FE2B9BEC3E000F3FE5 /* BookListService.swift */,
				813B69002B9BEC6C000F3FE5 /* BookListEndpoint.swift */,
			);
			path = Service;
			sourceTree = "<group>";
		};
		813B69042B9BFAD8000F3FE5 /* Extensions */ = {
			isa = PBXGroup;
			children = (
				813B68F32B9BDE66000F3FE5 /* Endpoint+Extensions.swift */,
			);
			path = Extensions;
			sourceTree = "<group>";
		};
		813B69072B9C04FD000F3FE5 /* ServiceRequests */ = {
			isa = PBXGroup;
			children = (
				813B69082B9C053C000F3FE5 /* EndpointGetRequest.swift */,
			);
			path = ServiceRequests;
			sourceTree = "<group>";
		};
/* End PBXGroup section */

/* Begin PBXNativeTarget section */
		813B68A32B99E14D000F3FE5 /* TradingApp */ = {
			isa = PBXNativeTarget;
			buildConfigurationList = 813B68C82B99E14E000F3FE5 /* Build configuration list for PBXNativeTarget "TradingApp" */;
			buildPhases = (
				813B68A02B99E14D000F3FE5 /* Sources */,
				813B68A12B99E14D000F3FE5 /* Frameworks */,
				813B68A22B99E14D000F3FE5 /* Resources */,
			);
			buildRules = (
			);
			dependencies = (
			);
			name = TradingApp;
			productName = TradingApp;
			productReference = 813B68A42B99E14D000F3FE5 /* TradingApp.app */;
			productType = "com.apple.product-type.application";
		};
		813B68B32B99E14E000F3FE5 /* TradingAppTests */ = {
			isa = PBXNativeTarget;
			buildConfigurationList = 813B68CB2B99E14E000F3FE5 /* Build configuration list for PBXNativeTarget "TradingAppTests" */;
			buildPhases = (
				813B68B02B99E14E000F3FE5 /* Sources */,
				813B68B12B99E14E000F3FE5 /* Frameworks */,
				813B68B22B99E14E000F3FE5 /* Resources */,
			);
			buildRules = (
			);
			dependencies = (
				813B68B62B99E14E000F3FE5 /* PBXTargetDependency */,
			);
			name = TradingAppTests;
			productName = TradingAppTests;
			productReference = 813B68B42B99E14E000F3FE5 /* TradingAppTests.xctest */;
			productType = "com.apple.product-type.bundle.unit-test";
		};
		813B68BD2B99E14E000F3FE5 /* TradingAppUITests */ = {
			isa = PBXNativeTarget;
			buildConfigurationList = 813B68CE2B99E14E000F3FE5 /* Build configuration list for PBXNativeTarget "TradingAppUITests" */;
			buildPhases = (
				813B68BA2B99E14E000F3FE5 /* Sources */,
				813B68BB2B99E14E000F3FE5 /* Frameworks */,
				813B68BC2B99E14E000F3FE5 /* Resources */,
			);
			buildRules = (
			);
			dependencies = (
				813B68C02B99E14E000F3FE5 /* PBXTargetDependency */,
			);
			name = TradingAppUITests;
			productName = TradingAppUITests;
			productReference = 813B68BE2B99E14E000F3FE5 /* TradingAppUITests.xctest */;
			productType = "com.apple.product-type.bundle.ui-testing";
		};
/* End PBXNativeTarget section */

/* Begin PBXProject section */
		813B689C2B99E14D000F3FE5 /* Project object */ = {
			isa = PBXProject;
			attributes = {
				BuildIndependentTargetsInParallel = 1;
				LastSwiftUpdateCheck = 1520;
				LastUpgradeCheck = 1520;
				TargetAttributes = {
					813B68A32B99E14D000F3FE5 = {
						CreatedOnToolsVersion = 15.2;
					};
					813B68B32B99E14E000F3FE5 = {
						CreatedOnToolsVersion = 15.2;
						TestTargetID = 813B68A32B99E14D000F3FE5;
					};
					813B68BD2B99E14E000F3FE5 = {
						CreatedOnToolsVersion = 15.2;
						TestTargetID = 813B68A32B99E14D000F3FE5;
					};
				};
			};
			buildConfigurationList = 813B689F2B99E14D000F3FE5 /* Build configuration list for PBXProject "TradingApp" */;
			compatibilityVersion = "Xcode 14.0";
			developmentRegion = en;
			hasScannedForEncodings = 0;
			knownRegions = (
				en,
				Base,
			);
			mainGroup = 813B689B2B99E14D000F3FE5;
			productRefGroup = 813B68A52B99E14D000F3FE5 /* Products */;
			projectDirPath = "";
			projectRoot = "";
			targets = (
				813B68A32B99E14D000F3FE5 /* TradingApp */,
				813B68B32B99E14E000F3FE5 /* TradingAppTests */,
				813B68BD2B99E14E000F3FE5 /* TradingAppUITests */,
			);
		};
/* End PBXProject section */

/* Begin PBXResourcesBuildPhase section */
		813B68A22B99E14D000F3FE5 /* Resources */ = {
			isa = PBXResourcesBuildPhase;
			buildActionMask = 2147483647;
			files = (
				813B68E32B99EEAF000F3FE5 /* Assets.xcassets in Resources */,
				813B68E12B99EE64000F3FE5 /* Preview Assets.xcassets in Resources */,
			);
			runOnlyForDeploymentPostprocessing = 0;
		};
		813B68B22B99E14E000F3FE5 /* Resources */ = {
			isa = PBXResourcesBuildPhase;
			buildActionMask = 2147483647;
			files = (
			);
			runOnlyForDeploymentPostprocessing = 0;
		};
		813B68BC2B99E14E000F3FE5 /* Resources */ = {
			isa = PBXResourcesBuildPhase;
			buildActionMask = 2147483647;
			files = (
			);
			runOnlyForDeploymentPostprocessing = 0;
		};
/* End PBXResourcesBuildPhase section */

/* Begin PBXSourcesBuildPhase section */
		813B68A02B99E14D000F3FE5 /* Sources */ = {
			isa = PBXSourcesBuildPhase;
			buildActionMask = 2147483647;
			files = (
				813B68F42B9BDE66000F3FE5 /* Endpoint+Extensions.swift in Sources */,
				813B68DD2B99ED8F000F3FE5 /* TradingAppApp.swift in Sources */,
				813B68EA2B9A55E7000F3FE5 /* APIError.swift in Sources */,
				813B69012B9BEC6C000F3FE5 /* BookListEndpoint.swift in Sources */,
				813B69092B9C053C000F3FE5 /* EndpointGetRequest.swift in Sources */,
				813B68F22B9BAC41000F3FE5 /* BaseURL.swift in Sources */,
				813B69062B9BFB81000F3FE5 /* JsonCoder.swift in Sources */,
				813B68FF2B9BEC3E000F3FE5 /* BookListService.swift in Sources */,
				813B68DE2B99ED8F000F3FE5 /* BookListView.swift in Sources */,
				813B68EE2B9A5996000F3FE5 /* BitsoAPIURL.swift in Sources */,
				813B68F72B9BE8BD000F3FE5 /* BookList.swift in Sources */,
				813B68F02B9BAC18000F3FE5 /* Endpoint.swift in Sources */,
				813B68FA2B9BE938000F3FE5 /* Book.swift in Sources */,
				813B68E62B99EF7A000F3FE5 /* BookListViewModel.swift in Sources */,
				813B690B2B9C11AC000F3FE5 /* Decoder.swift in Sources */,
				813B68FC2B9BEA5F000F3FE5 /* BookAPIError.swift in Sources */,
			);
			runOnlyForDeploymentPostprocessing = 0;
		};
		813B68B02B99E14E000F3FE5 /* Sources */ = {
			isa = PBXSourcesBuildPhase;
			buildActionMask = 2147483647;
			files = (
				813B68B92B99E14E000F3FE5 /* TradingAppTests.swift in Sources */,
			);
			runOnlyForDeploymentPostprocessing = 0;
		};
		813B68BA2B99E14E000F3FE5 /* Sources */ = {
			isa = PBXSourcesBuildPhase;
			buildActionMask = 2147483647;
			files = (
				813B68C52B99E14E000F3FE5 /* TradingAppUITestsLaunchTests.swift in Sources */,
				813B68C32B99E14E000F3FE5 /* TradingAppUITests.swift in Sources */,
			);
			runOnlyForDeploymentPostprocessing = 0;
		};
/* End PBXSourcesBuildPhase section */

/* Begin PBXTargetDependency section */
		813B68B62B99E14E000F3FE5 /* PBXTargetDependency */ = {
			isa = PBXTargetDependency;
			target = 813B68A32B99E14D000F3FE5 /* TradingApp */;
			targetProxy = 813B68B52B99E14E000F3FE5 /* PBXContainerItemProxy */;
		};
		813B68C02B99E14E000F3FE5 /* PBXTargetDependency */ = {
			isa = PBXTargetDependency;
			target = 813B68A32B99E14D000F3FE5 /* TradingApp */;
			targetProxy = 813B68BF2B99E14E000F3FE5 /* PBXContainerItemProxy */;
		};
/* End PBXTargetDependency section */

/* Begin XCBuildConfiguration section */
		813B68C62B99E14E000F3FE5 /* Debug */ = {
			isa = XCBuildConfiguration;
			buildSettings = {
				ALWAYS_SEARCH_USER_PATHS = NO;
				ASSETCATALOG_COMPILER_GENERATE_SWIFT_ASSET_SYMBOL_EXTENSIONS = YES;
				CLANG_ANALYZER_NONNULL = YES;
				CLANG_ANALYZER_NUMBER_OBJECT_CONVERSION = YES_AGGRESSIVE;
				CLANG_CXX_LANGUAGE_STANDARD = "gnu++20";
				CLANG_ENABLE_MODULES = YES;
				CLANG_ENABLE_OBJC_ARC = YES;
				CLANG_ENABLE_OBJC_WEAK = YES;
				CLANG_WARN_BLOCK_CAPTURE_AUTORELEASING = YES;
				CLANG_WARN_BOOL_CONVERSION = YES;
				CLANG_WARN_COMMA = YES;
				CLANG_WARN_CONSTANT_CONVERSION = YES;
				CLANG_WARN_DEPRECATED_OBJC_IMPLEMENTATIONS = YES;
				CLANG_WARN_DIRECT_OBJC_ISA_USAGE = YES_ERROR;
				CLANG_WARN_DOCUMENTATION_COMMENTS = YES;
				CLANG_WARN_EMPTY_BODY = YES;
				CLANG_WARN_ENUM_CONVERSION = YES;
				CLANG_WARN_INFINITE_RECURSION = YES;
				CLANG_WARN_INT_CONVERSION = YES;
				CLANG_WARN_NON_LITERAL_NULL_CONVERSION = YES;
				CLANG_WARN_OBJC_IMPLICIT_RETAIN_SELF = YES;
				CLANG_WARN_OBJC_LITERAL_CONVERSION = YES;
				CLANG_WARN_OBJC_ROOT_CLASS = YES_ERROR;
				CLANG_WARN_QUOTED_INCLUDE_IN_FRAMEWORK_HEADER = YES;
				CLANG_WARN_RANGE_LOOP_ANALYSIS = YES;
				CLANG_WARN_STRICT_PROTOTYPES = YES;
				CLANG_WARN_SUSPICIOUS_MOVE = YES;
				CLANG_WARN_UNGUARDED_AVAILABILITY = YES_AGGRESSIVE;
				CLANG_WARN_UNREACHABLE_CODE = YES;
				CLANG_WARN__DUPLICATE_METHOD_MATCH = YES;
				COPY_PHASE_STRIP = NO;
				DEBUG_INFORMATION_FORMAT = dwarf;
				ENABLE_STRICT_OBJC_MSGSEND = YES;
				ENABLE_TESTABILITY = YES;
				ENABLE_USER_SCRIPT_SANDBOXING = YES;
				GCC_C_LANGUAGE_STANDARD = gnu17;
				GCC_DYNAMIC_NO_PIC = NO;
				GCC_NO_COMMON_BLOCKS = YES;
				GCC_OPTIMIZATION_LEVEL = 0;
				GCC_PREPROCESSOR_DEFINITIONS = (
					"DEBUG=1",
					"$(inherited)",
				);
				GCC_WARN_64_TO_32_BIT_CONVERSION = YES;
				GCC_WARN_ABOUT_RETURN_TYPE = YES_ERROR;
				GCC_WARN_UNDECLARED_SELECTOR = YES;
				GCC_WARN_UNINITIALIZED_AUTOS = YES_AGGRESSIVE;
				GCC_WARN_UNUSED_FUNCTION = YES;
				GCC_WARN_UNUSED_VARIABLE = YES;
				IPHONEOS_DEPLOYMENT_TARGET = 17.2;
				LOCALIZATION_PREFERS_STRING_CATALOGS = YES;
				MTL_ENABLE_DEBUG_INFO = INCLUDE_SOURCE;
				MTL_FAST_MATH = YES;
				ONLY_ACTIVE_ARCH = YES;
				SDKROOT = iphoneos;
				SWIFT_ACTIVE_COMPILATION_CONDITIONS = "DEBUG $(inherited)";
				SWIFT_OPTIMIZATION_LEVEL = "-Onone";
			};
			name = Debug;
		};
		813B68C72B99E14E000F3FE5 /* Release */ = {
			isa = XCBuildConfiguration;
			buildSettings = {
				ALWAYS_SEARCH_USER_PATHS = NO;
				ASSETCATALOG_COMPILER_GENERATE_SWIFT_ASSET_SYMBOL_EXTENSIONS = YES;
				CLANG_ANALYZER_NONNULL = YES;
				CLANG_ANALYZER_NUMBER_OBJECT_CONVERSION = YES_AGGRESSIVE;
				CLANG_CXX_LANGUAGE_STANDARD = "gnu++20";
				CLANG_ENABLE_MODULES = YES;
				CLANG_ENABLE_OBJC_ARC = YES;
				CLANG_ENABLE_OBJC_WEAK = YES;
				CLANG_WARN_BLOCK_CAPTURE_AUTORELEASING = YES;
				CLANG_WARN_BOOL_CONVERSION = YES;
				CLANG_WARN_COMMA = YES;
				CLANG_WARN_CONSTANT_CONVERSION = YES;
				CLANG_WARN_DEPRECATED_OBJC_IMPLEMENTATIONS = YES;
				CLANG_WARN_DIRECT_OBJC_ISA_USAGE = YES_ERROR;
				CLANG_WARN_DOCUMENTATION_COMMENTS = YES;
				CLANG_WARN_EMPTY_BODY = YES;
				CLANG_WARN_ENUM_CONVERSION = YES;
				CLANG_WARN_INFINITE_RECURSION = YES;
				CLANG_WARN_INT_CONVERSION = YES;
				CLANG_WARN_NON_LITERAL_NULL_CONVERSION = YES;
				CLANG_WARN_OBJC_IMPLICIT_RETAIN_SELF = YES;
				CLANG_WARN_OBJC_LITERAL_CONVERSION = YES;
				CLANG_WARN_OBJC_ROOT_CLASS = YES_ERROR;
				CLANG_WARN_QUOTED_INCLUDE_IN_FRAMEWORK_HEADER = YES;
				CLANG_WARN_RANGE_LOOP_ANALYSIS = YES;
				CLANG_WARN_STRICT_PROTOTYPES = YES;
				CLANG_WARN_SUSPICIOUS_MOVE = YES;
				CLANG_WARN_UNGUARDED_AVAILABILITY = YES_AGGRESSIVE;
				CLANG_WARN_UNREACHABLE_CODE = YES;
				CLANG_WARN__DUPLICATE_METHOD_MATCH = YES;
				COPY_PHASE_STRIP = NO;
				DEBUG_INFORMATION_FORMAT = "dwarf-with-dsym";
				ENABLE_NS_ASSERTIONS = NO;
				ENABLE_STRICT_OBJC_MSGSEND = YES;
				ENABLE_USER_SCRIPT_SANDBOXING = YES;
				GCC_C_LANGUAGE_STANDARD = gnu17;
				GCC_NO_COMMON_BLOCKS = YES;
				GCC_WARN_64_TO_32_BIT_CONVERSION = YES;
				GCC_WARN_ABOUT_RETURN_TYPE = YES_ERROR;
				GCC_WARN_UNDECLARED_SELECTOR = YES;
				GCC_WARN_UNINITIALIZED_AUTOS = YES_AGGRESSIVE;
				GCC_WARN_UNUSED_FUNCTION = YES;
				GCC_WARN_UNUSED_VARIABLE = YES;
				IPHONEOS_DEPLOYMENT_TARGET = 17.2;
				LOCALIZATION_PREFERS_STRING_CATALOGS = YES;
				MTL_ENABLE_DEBUG_INFO = NO;
				MTL_FAST_MATH = YES;
				SDKROOT = iphoneos;
				SWIFT_COMPILATION_MODE = wholemodule;
				VALIDATE_PRODUCT = YES;
			};
			name = Release;
		};
		813B68C92B99E14E000F3FE5 /* Debug */ = {
			isa = XCBuildConfiguration;
			buildSettings = {
				ASSETCATALOG_COMPILER_APPICON_NAME = AppIcon;
				ASSETCATALOG_COMPILER_GLOBAL_ACCENT_COLOR_NAME = AccentColor;
				CODE_SIGN_STYLE = Automatic;
				CURRENT_PROJECT_VERSION = 1;
				DEVELOPMENT_ASSET_PATHS = "\"TradingApp/Preview Content\"";
				ENABLE_PREVIEWS = YES;
				GENERATE_INFOPLIST_FILE = YES;
				INFOPLIST_KEY_UIApplicationSceneManifest_Generation = YES;
				INFOPLIST_KEY_UIApplicationSupportsIndirectInputEvents = YES;
				INFOPLIST_KEY_UILaunchScreen_Generation = YES;
				INFOPLIST_KEY_UISupportedInterfaceOrientations_iPad = "UIInterfaceOrientationPortrait UIInterfaceOrientationPortraitUpsideDown UIInterfaceOrientationLandscapeLeft UIInterfaceOrientationLandscapeRight";
				INFOPLIST_KEY_UISupportedInterfaceOrientations_iPhone = "UIInterfaceOrientationPortrait UIInterfaceOrientationLandscapeLeft UIInterfaceOrientationLandscapeRight";
				LD_RUNPATH_SEARCH_PATHS = (
					"$(inherited)",
					"@executable_path/Frameworks",
				);
				MARKETING_VERSION = 1.0;
				PRODUCT_BUNDLE_IDENTIFIER = com.DanteCanizo.TradingApp;
				PRODUCT_NAME = "$(TARGET_NAME)";
				SWIFT_EMIT_LOC_STRINGS = YES;
				SWIFT_VERSION = 5.0;
				TARGETED_DEVICE_FAMILY = "1,2";
			};
			name = Debug;
		};
		813B68CA2B99E14E000F3FE5 /* Release */ = {
			isa = XCBuildConfiguration;
			buildSettings = {
				ASSETCATALOG_COMPILER_APPICON_NAME = AppIcon;
				ASSETCATALOG_COMPILER_GLOBAL_ACCENT_COLOR_NAME = AccentColor;
				CODE_SIGN_STYLE = Automatic;
				CURRENT_PROJECT_VERSION = 1;
				DEVELOPMENT_ASSET_PATHS = "\"TradingApp/Preview Content\"";
				ENABLE_PREVIEWS = YES;
				GENERATE_INFOPLIST_FILE = YES;
				INFOPLIST_KEY_UIApplicationSceneManifest_Generation = YES;
				INFOPLIST_KEY_UIApplicationSupportsIndirectInputEvents = YES;
				INFOPLIST_KEY_UILaunchScreen_Generation = YES;
				INFOPLIST_KEY_UISupportedInterfaceOrientations_iPad = "UIInterfaceOrientationPortrait UIInterfaceOrientationPortraitUpsideDown UIInterfaceOrientationLandscapeLeft UIInterfaceOrientationLandscapeRight";
				INFOPLIST_KEY_UISupportedInterfaceOrientations_iPhone = "UIInterfaceOrientationPortrait UIInterfaceOrientationLandscapeLeft UIInterfaceOrientationLandscapeRight";
				LD_RUNPATH_SEARCH_PATHS = (
					"$(inherited)",
					"@executable_path/Frameworks",
				);
				MARKETING_VERSION = 1.0;
				PRODUCT_BUNDLE_IDENTIFIER = com.DanteCanizo.TradingApp;
				PRODUCT_NAME = "$(TARGET_NAME)";
				SWIFT_EMIT_LOC_STRINGS = YES;
				SWIFT_VERSION = 5.0;
				TARGETED_DEVICE_FAMILY = "1,2";
			};
			name = Release;
		};
		813B68CC2B99E14E000F3FE5 /* Debug */ = {
			isa = XCBuildConfiguration;
			buildSettings = {
				ALWAYS_EMBED_SWIFT_STANDARD_LIBRARIES = YES;
				BUNDLE_LOADER = "$(TEST_HOST)";
				CODE_SIGN_STYLE = Automatic;
				CURRENT_PROJECT_VERSION = 1;
				GENERATE_INFOPLIST_FILE = YES;
				IPHONEOS_DEPLOYMENT_TARGET = 17.2;
				MARKETING_VERSION = 1.0;
				PRODUCT_BUNDLE_IDENTIFIER = com.DanteCanizo.TradingAppTests;
				PRODUCT_NAME = "$(TARGET_NAME)";
				SWIFT_EMIT_LOC_STRINGS = NO;
				SWIFT_VERSION = 5.0;
				TARGETED_DEVICE_FAMILY = "1,2";
				TEST_HOST = "$(BUILT_PRODUCTS_DIR)/TradingApp.app/$(BUNDLE_EXECUTABLE_FOLDER_PATH)/TradingApp";
			};
			name = Debug;
		};
		813B68CD2B99E14E000F3FE5 /* Release */ = {
			isa = XCBuildConfiguration;
			buildSettings = {
				ALWAYS_EMBED_SWIFT_STANDARD_LIBRARIES = YES;
				BUNDLE_LOADER = "$(TEST_HOST)";
				CODE_SIGN_STYLE = Automatic;
				CURRENT_PROJECT_VERSION = 1;
				GENERATE_INFOPLIST_FILE = YES;
				IPHONEOS_DEPLOYMENT_TARGET = 17.2;
				MARKETING_VERSION = 1.0;
				PRODUCT_BUNDLE_IDENTIFIER = com.DanteCanizo.TradingAppTests;
				PRODUCT_NAME = "$(TARGET_NAME)";
				SWIFT_EMIT_LOC_STRINGS = NO;
				SWIFT_VERSION = 5.0;
				TARGETED_DEVICE_FAMILY = "1,2";
				TEST_HOST = "$(BUILT_PRODUCTS_DIR)/TradingApp.app/$(BUNDLE_EXECUTABLE_FOLDER_PATH)/TradingApp";
			};
			name = Release;
		};
		813B68CF2B99E14E000F3FE5 /* Debug */ = {
			isa = XCBuildConfiguration;
			buildSettings = {
				ALWAYS_EMBED_SWIFT_STANDARD_LIBRARIES = YES;
				CODE_SIGN_STYLE = Automatic;
				CURRENT_PROJECT_VERSION = 1;
				GENERATE_INFOPLIST_FILE = YES;
				MARKETING_VERSION = 1.0;
				PRODUCT_BUNDLE_IDENTIFIER = com.DanteCanizo.TradingAppUITests;
				PRODUCT_NAME = "$(TARGET_NAME)";
				SWIFT_EMIT_LOC_STRINGS = NO;
				SWIFT_VERSION = 5.0;
				TARGETED_DEVICE_FAMILY = "1,2";
				TEST_TARGET_NAME = TradingApp;
			};
			name = Debug;
		};
		813B68D02B99E14E000F3FE5 /* Release */ = {
			isa = XCBuildConfiguration;
			buildSettings = {
				ALWAYS_EMBED_SWIFT_STANDARD_LIBRARIES = YES;
				CODE_SIGN_STYLE = Automatic;
				CURRENT_PROJECT_VERSION = 1;
				GENERATE_INFOPLIST_FILE = YES;
				MARKETING_VERSION = 1.0;
				PRODUCT_BUNDLE_IDENTIFIER = com.DanteCanizo.TradingAppUITests;
				PRODUCT_NAME = "$(TARGET_NAME)";
				SWIFT_EMIT_LOC_STRINGS = NO;
				SWIFT_VERSION = 5.0;
				TARGETED_DEVICE_FAMILY = "1,2";
				TEST_TARGET_NAME = TradingApp;
			};
			name = Release;
		};
/* End XCBuildConfiguration section */

/* Begin XCConfigurationList section */
		813B689F2B99E14D000F3FE5 /* Build configuration list for PBXProject "TradingApp" */ = {
			isa = XCConfigurationList;
			buildConfigurations = (
				813B68C62B99E14E000F3FE5 /* Debug */,
				813B68C72B99E14E000F3FE5 /* Release */,
			);
			defaultConfigurationIsVisible = 0;
			defaultConfigurationName = Release;
		};
		813B68C82B99E14E000F3FE5 /* Build configuration list for PBXNativeTarget "TradingApp" */ = {
			isa = XCConfigurationList;
			buildConfigurations = (
				813B68C92B99E14E000F3FE5 /* Debug */,
				813B68CA2B99E14E000F3FE5 /* Release */,
			);
			defaultConfigurationIsVisible = 0;
			defaultConfigurationName = Release;
		};
		813B68CB2B99E14E000F3FE5 /* Build configuration list for PBXNativeTarget "TradingAppTests" */ = {
			isa = XCConfigurationList;
			buildConfigurations = (
				813B68CC2B99E14E000F3FE5 /* Debug */,
				813B68CD2B99E14E000F3FE5 /* Release */,
			);
			defaultConfigurationIsVisible = 0;
			defaultConfigurationName = Release;
		};
		813B68CE2B99E14E000F3FE5 /* Build configuration list for PBXNativeTarget "TradingAppUITests" */ = {
			isa = XCConfigurationList;
			buildConfigurations = (
				813B68CF2B99E14E000F3FE5 /* Debug */,
				813B68D02B99E14E000F3FE5 /* Release */,
			);
			defaultConfigurationIsVisible = 0;
			defaultConfigurationName = Release;
		};
/* End XCConfigurationList section */
	};
	rootObject = 813B689C2B99E14D000F3FE5 /* Project object */;
}
